{
  "version": 4,
  "terraform_version": "1.7.4",
  "serial": 231,
  "lineage": "1d24a374-56b1-a020-434f-455b20a874d2",
  "outputs": {
    "odoo-private": {
      "value": "10.0.1.10",
      "type": "string"
    },
    "psql-private": {
      "value": "10.0.1.11",
      "type": "string"
    },
    "reverse-proxy-private": {
      "value": "10.0.1.12",
      "type": "string"
    },
    "reverse-proxy-public": {
      "value": "4.233.125.186",
      "type": "string"
    }
  },
  "resources": [
    {
      "mode": "managed",
      "type": "azurerm_linux_virtual_machine",
      "name": "odoo_server",
      "provider": "provider[\"registry.terraform.io/hashicorp/azurerm\"]",
      "instances": [
        {
          "schema_version": 0,
          "attributes": {
            "additional_capabilities": [],
            "admin_password": null,
            "admin_ssh_key": [
              {
                "public_key": "ssh-rsa AAAAB3NzaC1yc2EAAAADAQABAAABgQCWB0ZFs8J2iKKzM1gsIlukNPx1VAkioyxNhU8UdtPY0/DTPi6RvzgJLahztfJbDe6fvXp9fUbVA3sn2TzNX/8MD/XttyKqqOZ6iQujOsSCmJwr+gdtCWSTsfPsgBuOaH8auXWToGWrsfeZ6cmf9f/mCOGVjbzliyAWpHkUg8GhDXFnQhvjHGJNphaSjV9qXjNhGo0zp+iiDStIiPkPwxCO4M6ZZTa8x6EFwMEv+K9gVt5bsOBuHjcmSO+J4mQ+X8mLjrHGl1t1ga5SMPQi8UMoRtk+ZIdAI5wdqfWZnakeYBsl2yFfuJ9+0oXloxCAbJNjkPwvQgaoveIllmo9QWQprGn/faEqeAFMaHzrYQf7XgHajh2IAK5xJbc6TqNb6MH58eC4q8KQTp2rKnvR+3e25dW6lnGLTU8SjOgdjCMzpk9krKCYPTdTlDYjw577zjB8FFc/Ui8pj9IC9S2hJvPMJAD+yalcmdq5YERHLGAGZ3QfkKspTLB25A7sn4fpfHc= vagrant@serveur\n",
                "username": "adminuser"
              }
            ],
            "admin_username": "adminuser",
            "allow_extension_operations": true,
            "availability_set_id": "",
            "boot_diagnostics": [],
            "bypass_platform_safety_checks_on_user_schedule_enabled": false,
            "capacity_reservation_group_id": "",
            "computer_name": "odoo-server-frc",
            "custom_data": null,
            "dedicated_host_group_id": "",
            "dedicated_host_id": "",
            "disable_password_authentication": true,
            "edge_zone": "",
            "encryption_at_host_enabled": false,
            "eviction_policy": "",
            "extensions_time_budget": "PT1H30M",
            "gallery_application": [],
            "id": "/subscriptions/1a5285ce-a4ce-4360-9355-533b5e4ea473/resourceGroups/rg-odoo-frc/providers/Microsoft.Compute/virtualMachines/odoo-server-frc",
            "identity": [],
            "license_type": "",
            "location": "francecentral",
            "max_bid_price": -1,
            "name": "odoo-server-frc",
            "network_interface_ids": [
              "/subscriptions/1a5285ce-a4ce-4360-9355-533b5e4ea473/resourceGroups/rg-odoo-frc/providers/Microsoft.Network/networkInterfaces/nic-odoo-server-nic-frc"
            ],
            "os_disk": [
              {
                "caching": "ReadWrite",
                "diff_disk_settings": [],
                "disk_encryption_set_id": "",
                "disk_size_gb": 30,
                "name": "odoo-server-frc_disk1_94c8bf5bac1b4366811a8b79393283fd",
                "secure_vm_disk_encryption_set_id": "",
                "security_encryption_type": "",
                "storage_account_type": "Standard_LRS",
                "write_accelerator_enabled": false
              }
            ],
            "patch_assessment_mode": "ImageDefault",
            "patch_mode": "ImageDefault",
            "plan": [],
            "platform_fault_domain": -1,
            "priority": "Regular",
            "private_ip_address": "10.0.1.10",
            "private_ip_addresses": [
              "10.0.1.10"
            ],
            "provision_vm_agent": true,
            "proximity_placement_group_id": "",
            "public_ip_address": "",
            "public_ip_addresses": [],
            "reboot_setting": "",
            "resource_group_name": "rg-odoo-frc",
            "secret": [],
            "secure_boot_enabled": false,
            "size": "Standard_B1s",
            "source_image_id": "",
            "source_image_reference": [
              {
                "offer": "0001-com-ubuntu-server-jammy",
                "publisher": "Canonical",
                "sku": "22_04-lts",
                "version": "latest"
              }
            ],
            "tags": {},
            "termination_notification": [],
            "timeouts": null,
            "user_data": "",
            "virtual_machine_id": "9158d500-21f5-4868-9756-f935629185ad",
            "virtual_machine_scale_set_id": "",
            "vtpm_enabled": false,
            "zone": ""
          },
          "sensitive_attributes": [],
          "private": "eyJlMmJmYjczMC1lY2FhLTExZTYtOGY4OC0zNDM2M2JjN2M0YzAiOnsiY3JlYXRlIjoyNzAwMDAwMDAwMDAwLCJkZWxldGUiOjI3MDAwMDAwMDAwMDAsInJlYWQiOjMwMDAwMDAwMDAwMCwidXBkYXRlIjoyNzAwMDAwMDAwMDAwfX0=",
          "dependencies": [
            "azurerm_network_interface.nic_odoo_server_nic",
            "azurerm_resource_group.rg_odoo",
            "azurerm_subnet.snet_vnet_odoo",
            "azurerm_virtual_network.vnet_odoo"
          ]
        }
      ]
    },
    {
      "mode": "managed",
      "type": "azurerm_linux_virtual_machine",
      "name": "psql_server",
      "provider": "provider[\"registry.terraform.io/hashicorp/azurerm\"]",
      "instances": [
        {
          "schema_version": 0,
          "attributes": {
            "additional_capabilities": [],
            "admin_password": null,
            "admin_ssh_key": [
              {
                "public_key": "ssh-rsa AAAAB3NzaC1yc2EAAAADAQABAAABgQCWB0ZFs8J2iKKzM1gsIlukNPx1VAkioyxNhU8UdtPY0/DTPi6RvzgJLahztfJbDe6fvXp9fUbVA3sn2TzNX/8MD/XttyKqqOZ6iQujOsSCmJwr+gdtCWSTsfPsgBuOaH8auXWToGWrsfeZ6cmf9f/mCOGVjbzliyAWpHkUg8GhDXFnQhvjHGJNphaSjV9qXjNhGo0zp+iiDStIiPkPwxCO4M6ZZTa8x6EFwMEv+K9gVt5bsOBuHjcmSO+J4mQ+X8mLjrHGl1t1ga5SMPQi8UMoRtk+ZIdAI5wdqfWZnakeYBsl2yFfuJ9+0oXloxCAbJNjkPwvQgaoveIllmo9QWQprGn/faEqeAFMaHzrYQf7XgHajh2IAK5xJbc6TqNb6MH58eC4q8KQTp2rKnvR+3e25dW6lnGLTU8SjOgdjCMzpk9krKCYPTdTlDYjw577zjB8FFc/Ui8pj9IC9S2hJvPMJAD+yalcmdq5YERHLGAGZ3QfkKspTLB25A7sn4fpfHc= vagrant@serveur\n",
                "username": "adminuser"
              }
            ],
            "admin_username": "adminuser",
            "allow_extension_operations": true,
            "availability_set_id": "",
            "boot_diagnostics": [],
            "bypass_platform_safety_checks_on_user_schedule_enabled": false,
            "capacity_reservation_group_id": "",
            "computer_name": "psql-server-frc",
            "custom_data": null,
            "dedicated_host_group_id": "",
            "dedicated_host_id": "",
            "disable_password_authentication": true,
            "edge_zone": "",
            "encryption_at_host_enabled": false,
            "eviction_policy": "",
            "extensions_time_budget": "PT1H30M",
            "gallery_application": [],
            "id": "/subscriptions/1a5285ce-a4ce-4360-9355-533b5e4ea473/resourceGroups/rg-odoo-frc/providers/Microsoft.Compute/virtualMachines/psql-server-frc",
            "identity": [],
            "license_type": "",
            "location": "francecentral",
            "max_bid_price": -1,
            "name": "psql-server-frc",
            "network_interface_ids": [
              "/subscriptions/1a5285ce-a4ce-4360-9355-533b5e4ea473/resourceGroups/rg-odoo-frc/providers/Microsoft.Network/networkInterfaces/nic-psql-server-nic-frc"
            ],
            "os_disk": [
              {
                "caching": "ReadWrite",
                "diff_disk_settings": [],
                "disk_encryption_set_id": "",
                "disk_size_gb": 30,
                "name": "psql-server-frc_disk1_567ff2718f4943d6b4eb031b31f66010",
                "secure_vm_disk_encryption_set_id": "",
                "security_encryption_type": "",
                "storage_account_type": "Standard_LRS",
                "write_accelerator_enabled": false
              }
            ],
            "patch_assessment_mode": "ImageDefault",
            "patch_mode": "ImageDefault",
            "plan": [],
            "platform_fault_domain": -1,
            "priority": "Regular",
            "private_ip_address": "10.0.1.11",
            "private_ip_addresses": [
              "10.0.1.11"
            ],
            "provision_vm_agent": true,
            "proximity_placement_group_id": "",
            "public_ip_address": "",
            "public_ip_addresses": [],
            "reboot_setting": "",
            "resource_group_name": "rg-odoo-frc",
            "secret": [],
            "secure_boot_enabled": false,
            "size": "Standard_B1s",
            "source_image_id": "",
            "source_image_reference": [
              {
                "offer": "0001-com-ubuntu-server-jammy",
                "publisher": "Canonical",
                "sku": "22_04-lts",
                "version": "latest"
              }
            ],
            "tags": {},
            "termination_notification": [],
            "timeouts": null,
            "user_data": "",
            "virtual_machine_id": "a246d479-4c9b-497b-86e0-a919d3633871",
            "virtual_machine_scale_set_id": "",
            "vtpm_enabled": false,
            "zone": ""
          },
          "sensitive_attributes": [],
          "private": "eyJlMmJmYjczMC1lY2FhLTExZTYtOGY4OC0zNDM2M2JjN2M0YzAiOnsiY3JlYXRlIjoyNzAwMDAwMDAwMDAwLCJkZWxldGUiOjI3MDAwMDAwMDAwMDAsInJlYWQiOjMwMDAwMDAwMDAwMCwidXBkYXRlIjoyNzAwMDAwMDAwMDAwfX0=",
          "dependencies": [
            "azurerm_network_interface.nic_psql_server_nic",
            "azurerm_resource_group.rg_odoo",
            "azurerm_subnet.snet_vnet_odoo",
            "azurerm_virtual_network.vnet_odoo"
          ]
        }
      ]
    },
    {
      "mode": "managed",
      "type": "azurerm_linux_virtual_machine",
      "name": "reverse_proxy",
      "provider": "provider[\"registry.terraform.io/hashicorp/azurerm\"]",
      "instances": [
        {
          "schema_version": 0,
          "attributes": {
            "additional_capabilities": [],
            "admin_password": null,
            "admin_ssh_key": [
              {
                "public_key": "ssh-rsa AAAAB3NzaC1yc2EAAAADAQABAAABgQCWB0ZFs8J2iKKzM1gsIlukNPx1VAkioyxNhU8UdtPY0/DTPi6RvzgJLahztfJbDe6fvXp9fUbVA3sn2TzNX/8MD/XttyKqqOZ6iQujOsSCmJwr+gdtCWSTsfPsgBuOaH8auXWToGWrsfeZ6cmf9f/mCOGVjbzliyAWpHkUg8GhDXFnQhvjHGJNphaSjV9qXjNhGo0zp+iiDStIiPkPwxCO4M6ZZTa8x6EFwMEv+K9gVt5bsOBuHjcmSO+J4mQ+X8mLjrHGl1t1ga5SMPQi8UMoRtk+ZIdAI5wdqfWZnakeYBsl2yFfuJ9+0oXloxCAbJNjkPwvQgaoveIllmo9QWQprGn/faEqeAFMaHzrYQf7XgHajh2IAK5xJbc6TqNb6MH58eC4q8KQTp2rKnvR+3e25dW6lnGLTU8SjOgdjCMzpk9krKCYPTdTlDYjw577zjB8FFc/Ui8pj9IC9S2hJvPMJAD+yalcmdq5YERHLGAGZ3QfkKspTLB25A7sn4fpfHc= vagrant@serveur\n",
                "username": "adminuser"
              }
            ],
            "admin_username": "adminuser",
            "allow_extension_operations": true,
            "availability_set_id": "",
            "boot_diagnostics": [],
            "bypass_platform_safety_checks_on_user_schedule_enabled": false,
            "capacity_reservation_group_id": "",
            "computer_name": "reverse-proxy-frc",
            "custom_data": null,
            "dedicated_host_group_id": "",
            "dedicated_host_id": "",
            "disable_password_authentication": true,
            "edge_zone": "",
            "encryption_at_host_enabled": false,
            "eviction_policy": "",
            "extensions_time_budget": "PT1H30M",
            "gallery_application": [],
            "id": "/subscriptions/1a5285ce-a4ce-4360-9355-533b5e4ea473/resourceGroups/rg-odoo-frc/providers/Microsoft.Compute/virtualMachines/reverse-proxy-frc",
            "identity": [],
            "license_type": "",
            "location": "francecentral",
            "max_bid_price": -1,
            "name": "reverse-proxy-frc",
            "network_interface_ids": [
              "/subscriptions/1a5285ce-a4ce-4360-9355-533b5e4ea473/resourceGroups/rg-odoo-frc/providers/Microsoft.Network/networkInterfaces/nic-reverse-proxy-nic-frc"
            ],
            "os_disk": [
              {
                "caching": "ReadWrite",
                "diff_disk_settings": [],
                "disk_encryption_set_id": "",
                "disk_size_gb": 30,
                "name": "reverse-proxy-frc_disk1_e3da9725628b4c01a3802cc5b68ac073",
                "secure_vm_disk_encryption_set_id": "",
                "security_encryption_type": "",
                "storage_account_type": "Standard_LRS",
                "write_accelerator_enabled": false
              }
            ],
            "patch_assessment_mode": "ImageDefault",
            "patch_mode": "ImageDefault",
            "plan": [],
            "platform_fault_domain": -1,
            "priority": "Regular",
            "private_ip_address": "10.0.1.12",
            "private_ip_addresses": [
              "10.0.1.12"
            ],
            "provision_vm_agent": true,
            "proximity_placement_group_id": "",
            "public_ip_address": "4.233.125.186",
            "public_ip_addresses": [
              "4.233.125.186"
            ],
            "reboot_setting": "",
            "resource_group_name": "rg-odoo-frc",
            "secret": [],
            "secure_boot_enabled": false,
            "size": "Standard_B1s",
            "source_image_id": "",
            "source_image_reference": [
              {
                "offer": "0001-com-ubuntu-server-jammy",
                "publisher": "Canonical",
                "sku": "22_04-lts",
                "version": "latest"
              }
            ],
            "tags": {},
            "termination_notification": [],
            "timeouts": null,
            "user_data": "",
            "virtual_machine_id": "9a5925ad-8785-4313-ab7c-7332c05f3826",
            "virtual_machine_scale_set_id": "",
            "vtpm_enabled": false,
            "zone": ""
          },
          "sensitive_attributes": [],
          "private": "eyJlMmJmYjczMC1lY2FhLTExZTYtOGY4OC0zNDM2M2JjN2M0YzAiOnsiY3JlYXRlIjoyNzAwMDAwMDAwMDAwLCJkZWxldGUiOjI3MDAwMDAwMDAwMDAsInJlYWQiOjMwMDAwMDAwMDAwMCwidXBkYXRlIjoyNzAwMDAwMDAwMDAwfX0=",
          "dependencies": [
            "azurerm_network_interface.nic_reverse_proxy",
            "azurerm_public_ip.pip_reverse_proxy",
            "azurerm_resource_group.rg_odoo",
            "azurerm_subnet.snet_vnet_odoo",
            "azurerm_virtual_network.vnet_odoo"
          ]
        }
      ]
    },
    {
      "mode": "managed",
      "type": "azurerm_network_interface",
      "name": "nic_odoo_server_nic",
      "provider": "provider[\"registry.terraform.io/hashicorp/azurerm\"]",
      "instances": [
        {
          "schema_version": 0,
          "attributes": {
            "applied_dns_servers": [],
            "auxiliary_mode": "",
            "auxiliary_sku": "",
            "dns_servers": [],
            "edge_zone": "",
            "enable_accelerated_networking": false,
            "enable_ip_forwarding": false,
            "id": "/subscriptions/1a5285ce-a4ce-4360-9355-533b5e4ea473/resourceGroups/rg-odoo-frc/providers/Microsoft.Network/networkInterfaces/nic-odoo-server-nic-frc",
            "internal_dns_name_label": "",
            "internal_domain_name_suffix": "j5yaqcgg2sbedcrks2og4hzqcc.parx.internal.cloudapp.net",
            "ip_configuration": [
              {
                "gateway_load_balancer_frontend_ip_configuration_id": "",
                "name": "primary",
                "primary": true,
                "private_ip_address": "10.0.1.10",
                "private_ip_address_allocation": "Static",
                "private_ip_address_version": "IPv4",
                "public_ip_address_id": "",
                "subnet_id": "/subscriptions/1a5285ce-a4ce-4360-9355-533b5e4ea473/resourceGroups/rg-odoo-frc/providers/Microsoft.Network/virtualNetworks/vnet-odoo-vnet-frc/subnets/snet-odoo-vnet-frc"
              }
            ],
            "location": "francecentral",
            "mac_address": "00-0D-3A-95-08-E0",
            "name": "nic-odoo-server-nic-frc",
            "private_ip_address": "10.0.1.10",
            "private_ip_addresses": [
              "10.0.1.10"
            ],
            "resource_group_name": "rg-odoo-frc",
            "tags": {},
            "timeouts": null,
            "virtual_machine_id": "/subscriptions/1a5285ce-a4ce-4360-9355-533b5e4ea473/resourceGroups/rg-odoo-frc/providers/Microsoft.Compute/virtualMachines/odoo-server-frc"
          },
          "sensitive_attributes": [],
          "private": "eyJlMmJmYjczMC1lY2FhLTExZTYtOGY4OC0zNDM2M2JjN2M0YzAiOnsiY3JlYXRlIjoxODAwMDAwMDAwMDAwLCJkZWxldGUiOjE4MDAwMDAwMDAwMDAsInJlYWQiOjMwMDAwMDAwMDAwMCwidXBkYXRlIjoxODAwMDAwMDAwMDAwfX0=",
          "dependencies": [
            "azurerm_resource_group.rg_odoo",
            "azurerm_subnet.snet_vnet_odoo",
            "azurerm_virtual_network.vnet_odoo"
          ]
        }
      ]
    },
    {
      "mode": "managed",
      "type": "azurerm_network_interface",
      "name": "nic_psql_server_nic",
      "provider": "provider[\"registry.terraform.io/hashicorp/azurerm\"]",
      "instances": [
        {
          "schema_version": 0,
          "attributes": {
            "applied_dns_servers": [],
            "auxiliary_mode": "",
            "auxiliary_sku": "",
            "dns_servers": [],
            "edge_zone": "",
            "enable_accelerated_networking": false,
            "enable_ip_forwarding": false,
            "id": "/subscriptions/1a5285ce-a4ce-4360-9355-533b5e4ea473/resourceGroups/rg-odoo-frc/providers/Microsoft.Network/networkInterfaces/nic-psql-server-nic-frc",
            "internal_dns_name_label": "",
            "internal_domain_name_suffix": "j5yaqcgg2sbedcrks2og4hzqcc.parx.internal.cloudapp.net",
            "ip_configuration": [
              {
                "gateway_load_balancer_frontend_ip_configuration_id": "",
                "name": "primary",
                "primary": true,
                "private_ip_address": "10.0.1.11",
                "private_ip_address_allocation": "Static",
                "private_ip_address_version": "IPv4",
                "public_ip_address_id": "",
                "subnet_id": "/subscriptions/1a5285ce-a4ce-4360-9355-533b5e4ea473/resourceGroups/rg-odoo-frc/providers/Microsoft.Network/virtualNetworks/vnet-odoo-vnet-frc/subnets/snet-odoo-vnet-frc"
              }
            ],
            "location": "francecentral",
            "mac_address": "00-0D-3A-E6-F4-E3",
            "name": "nic-psql-server-nic-frc",
            "private_ip_address": "10.0.1.11",
            "private_ip_addresses": [
              "10.0.1.11"
            ],
            "resource_group_name": "rg-odoo-frc",
            "tags": {},
            "timeouts": null,
            "virtual_machine_id": "/subscriptions/1a5285ce-a4ce-4360-9355-533b5e4ea473/resourceGroups/rg-odoo-frc/providers/Microsoft.Compute/virtualMachines/psql-server-frc"
          },
          "sensitive_attributes": [],
          "private": "eyJlMmJmYjczMC1lY2FhLTExZTYtOGY4OC0zNDM2M2JjN2M0YzAiOnsiY3JlYXRlIjoxODAwMDAwMDAwMDAwLCJkZWxldGUiOjE4MDAwMDAwMDAwMDAsInJlYWQiOjMwMDAwMDAwMDAwMCwidXBkYXRlIjoxODAwMDAwMDAwMDAwfX0=",
          "dependencies": [
            "azurerm_resource_group.rg_odoo",
            "azurerm_subnet.snet_vnet_odoo",
            "azurerm_virtual_network.vnet_odoo"
          ]
        }
      ]
    },
    {
      "mode": "managed",
      "type": "azurerm_network_interface",
      "name": "nic_reverse_proxy",
      "provider": "provider[\"registry.terraform.io/hashicorp/azurerm\"]",
      "instances": [
        {
          "schema_version": 0,
          "attributes": {
            "applied_dns_servers": [],
            "auxiliary_mode": "",
            "auxiliary_sku": "",
            "dns_servers": [],
            "edge_zone": "",
            "enable_accelerated_networking": false,
            "enable_ip_forwarding": false,
            "id": "/subscriptions/1a5285ce-a4ce-4360-9355-533b5e4ea473/resourceGroups/rg-odoo-frc/providers/Microsoft.Network/networkInterfaces/nic-reverse-proxy-nic-frc",
            "internal_dns_name_label": "",
            "internal_domain_name_suffix": "j5yaqcgg2sbedcrks2og4hzqcc.parx.internal.cloudapp.net",
            "ip_configuration": [
              {
                "gateway_load_balancer_frontend_ip_configuration_id": "",
                "name": "primary",
                "primary": true,
                "private_ip_address": "10.0.1.12",
                "private_ip_address_allocation": "Static",
                "private_ip_address_version": "IPv4",
                "public_ip_address_id": "/subscriptions/1a5285ce-a4ce-4360-9355-533b5e4ea473/resourceGroups/rg-odoo-frc/providers/Microsoft.Network/publicIPAddresses/pip-reverse-proxy-frc",
                "subnet_id": "/subscriptions/1a5285ce-a4ce-4360-9355-533b5e4ea473/resourceGroups/rg-odoo-frc/providers/Microsoft.Network/virtualNetworks/vnet-odoo-vnet-frc/subnets/snet-odoo-vnet-frc"
              }
            ],
            "location": "francecentral",
            "mac_address": "00-0D-3A-3C-5A-96",
            "name": "nic-reverse-proxy-nic-frc",
            "private_ip_address": "10.0.1.12",
            "private_ip_addresses": [
              "10.0.1.12"
            ],
            "resource_group_name": "rg-odoo-frc",
            "tags": {},
            "timeouts": null,
            "virtual_machine_id": "/subscriptions/1a5285ce-a4ce-4360-9355-533b5e4ea473/resourceGroups/rg-odoo-frc/providers/Microsoft.Compute/virtualMachines/reverse-proxy-frc"
          },
          "sensitive_attributes": [],
          "private": "eyJlMmJmYjczMC1lY2FhLTExZTYtOGY4OC0zNDM2M2JjN2M0YzAiOnsiY3JlYXRlIjoxODAwMDAwMDAwMDAwLCJkZWxldGUiOjE4MDAwMDAwMDAwMDAsInJlYWQiOjMwMDAwMDAwMDAwMCwidXBkYXRlIjoxODAwMDAwMDAwMDAwfX0=",
          "dependencies": [
            "azurerm_public_ip.pip_reverse_proxy",
            "azurerm_resource_group.rg_odoo",
            "azurerm_subnet.snet_vnet_odoo",
            "azurerm_virtual_network.vnet_odoo"
          ]
        }
      ]
    },
    {
      "mode": "managed",
      "type": "azurerm_public_ip",
      "name": "pip_reverse_proxy",
      "provider": "provider[\"registry.terraform.io/hashicorp/azurerm\"]",
      "instances": [
        {
          "schema_version": 0,
          "attributes": {
            "allocation_method": "Dynamic",
            "ddos_protection_mode": "VirtualNetworkInherited",
            "ddos_protection_plan_id": null,
            "domain_name_label": null,
            "edge_zone": "",
            "fqdn": null,
            "id": "/subscriptions/1a5285ce-a4ce-4360-9355-533b5e4ea473/resourceGroups/rg-odoo-frc/providers/Microsoft.Network/publicIPAddresses/pip-reverse-proxy-frc",
            "idle_timeout_in_minutes": 4,
            "ip_address": "4.233.125.186",
            "ip_tags": {},
            "ip_version": "IPv4",
            "location": "francecentral",
            "name": "pip-reverse-proxy-frc",
            "public_ip_prefix_id": null,
            "resource_group_name": "rg-odoo-frc",
            "reverse_fqdn": null,
            "sku": "Basic",
            "sku_tier": "Regional",
            "tags": {},
            "timeouts": null,
            "zones": []
          },
          "sensitive_attributes": [],
          "private": "eyJlMmJmYjczMC1lY2FhLTExZTYtOGY4OC0zNDM2M2JjN2M0YzAiOnsiY3JlYXRlIjoxODAwMDAwMDAwMDAwLCJkZWxldGUiOjE4MDAwMDAwMDAwMDAsInJlYWQiOjMwMDAwMDAwMDAwMCwidXBkYXRlIjoxODAwMDAwMDAwMDAwfX0=",
          "dependencies": [
            "azurerm_resource_group.rg_odoo"
          ]
        }
      ]
    },
    {
      "mode": "managed",
      "type": "azurerm_resource_group",
      "name": "rg_odoo",
      "provider": "provider[\"registry.terraform.io/hashicorp/azurerm\"]",
      "instances": [
        {
          "schema_version": 0,
          "attributes": {
            "id": "/subscriptions/1a5285ce-a4ce-4360-9355-533b5e4ea473/resourceGroups/rg-odoo-frc",
            "location": "francecentral",
            "managed_by": "",
            "name": "rg-odoo-frc",
            "tags": {},
            "timeouts": null
          },
          "sensitive_attributes": [],
          "private": "eyJlMmJmYjczMC1lY2FhLTExZTYtOGY4OC0zNDM2M2JjN2M0YzAiOnsiY3JlYXRlIjo1NDAwMDAwMDAwMDAwLCJkZWxldGUiOjU0MDAwMDAwMDAwMDAsInJlYWQiOjMwMDAwMDAwMDAwMCwidXBkYXRlIjo1NDAwMDAwMDAwMDAwfX0="
        }
      ]
    },
    {
      "mode": "managed",
      "type": "azurerm_subnet",
      "name": "snet_vnet_odoo",
      "provider": "provider[\"registry.terraform.io/hashicorp/azurerm\"]",
      "instances": [
        {
          "schema_version": 0,
          "attributes": {
            "address_prefixes": [
              "10.0.1.0/24"
            ],
            "delegation": [],
            "enforce_private_link_endpoint_network_policies": false,
            "enforce_private_link_service_network_policies": false,
            "id": "/subscriptions/1a5285ce-a4ce-4360-9355-533b5e4ea473/resourceGroups/rg-odoo-frc/providers/Microsoft.Network/virtualNetworks/vnet-odoo-vnet-frc/subnets/snet-odoo-vnet-frc",
            "name": "snet-odoo-vnet-frc",
            "private_endpoint_network_policies_enabled": true,
            "private_link_service_network_policies_enabled": true,
            "resource_group_name": "rg-odoo-frc",
            "service_endpoint_policy_ids": [],
            "service_endpoints": [],
            "timeouts": null,
            "virtual_network_name": "vnet-odoo-vnet-frc"
          },
          "sensitive_attributes": [],
          "private": "eyJlMmJmYjczMC1lY2FhLTExZTYtOGY4OC0zNDM2M2JjN2M0YzAiOnsiY3JlYXRlIjoxODAwMDAwMDAwMDAwLCJkZWxldGUiOjE4MDAwMDAwMDAwMDAsInJlYWQiOjMwMDAwMDAwMDAwMCwidXBkYXRlIjoxODAwMDAwMDAwMDAwfX0=",
          "dependencies": [
            "azurerm_resource_group.rg_odoo",
            "azurerm_virtual_network.vnet_odoo"
          ]
        }
      ]
    },
    {
      "mode": "managed",
      "type": "azurerm_virtual_network",
      "name": "vnet_odoo",
      "provider": "provider[\"registry.terraform.io/hashicorp/azurerm\"]",
      "instances": [
        {
          "schema_version": 0,
          "attributes": {
            "address_space": [
              "10.0.0.0/16"
            ],
            "bgp_community": "",
            "ddos_protection_plan": [],
            "dns_servers": [],
            "edge_zone": "",
            "encryption": [],
            "flow_timeout_in_minutes": 0,
            "guid": "0808f04f-e4c6-4182-8a2a-971c6f1f3012",
            "id": "/subscriptions/1a5285ce-a4ce-4360-9355-533b5e4ea473/resourceGroups/rg-odoo-frc/providers/Microsoft.Network/virtualNetworks/vnet-odoo-vnet-frc",
            "location": "francecentral",
            "name": "vnet-odoo-vnet-frc",
            "resource_group_name": "rg-odoo-frc",
            "subnet": [
              {
                "address_prefix": "10.0.1.0/24",
                "id": "/subscriptions/1a5285ce-a4ce-4360-9355-533b5e4ea473/resourceGroups/rg-odoo-frc/providers/Microsoft.Network/virtualNetworks/vnet-odoo-vnet-frc/subnets/snet-odoo-vnet-frc",
                "name": "snet-odoo-vnet-frc",
                "security_group": ""
              }
            ],
            "tags": {},
            "timeouts": null
          },
          "sensitive_attributes": [],
          "private": "eyJlMmJmYjczMC1lY2FhLTExZTYtOGY4OC0zNDM2M2JjN2M0YzAiOnsiY3JlYXRlIjoxODAwMDAwMDAwMDAwLCJkZWxldGUiOjE4MDAwMDAwMDAwMDAsInJlYWQiOjMwMDAwMDAwMDAwMCwidXBkYXRlIjoxODAwMDAwMDAwMDAwfX0=",
          "dependencies": [
            "azurerm_resource_group.rg_odoo"
          ]
        }
      ]
    }
  ],
  "check_results": null
}
